
Microsoft Visual Studio Solution File, Format Version 12.00
# Visual Studio Version 16
VisualStudioVersion = 16.0.31624.102
MinimumVisualStudioVersion = 10.0.40219.1
Project("{9A19103F-16F7-4668-BE54-9A1E7A4F7556}") = "RetrieveClassicStatistics", "RetrieveClassicStatistics\RetrieveClassicStatistics.csproj", "{60B65647-00E9-4A5F-A814-5EB0F074577E}"
EndProject
Project("{9A19103F-16F7-4668-BE54-9A1E7A4F7556}") = "NumeraiApi", "NumeraiApi\NumeraiApi.csproj", "{604FB6CA-C264-47F8-B936-09025DEEBD46}"
EndProject
Global
	GlobalSection(SolutionConfigurationPlatforms) = preSolution
		Debug|Any CPU = Debug|Any CPU
		Release|Any CPU = Release|Any CPU
	EndGlobalSection
	GlobalSection(ProjectConfigurationPlatforms) = postSolution
		{60B65647-00E9-4A5F-A814-5EB0F074577E}.Debug|Any CPU.ActiveCfg = Debug|Any CPU
		{60B65647-00E9-4A5F-A814-5EB0F074577E}.Debug|Any CPU.Build.0 = Debug|Any CPU
		{60B65647-00E9-4A5F-A814-5EB0F074577E}.Release|Any CPU.ActiveCfg = Release|Any CPU
		{60B65647-00E9-4A5F-A814-5EB0F074577E}.Release|Any CPU.Build.0 = Release|Any CPU
		{604FB6CA-C264-47F8-B936-09025DEEBD46}.Debug|Any CPU.ActiveCfg = Debug|Any CPU
		{604FB6CA-C264-47F8-B936-09025DEEBD46}.Debug|Any CPU.Build.0 = Debug|Any CPU
		{604FB6CA-C264-47F8-B936-09025DEEBD46}.Release|Any CPU.ActiveCfg = Release|Any CPU
		{604FB6CA-C264-47F8-B936-09025DEEBD46}.Release|Any CPU.Build.0 = Release|Any CPU
	EndGlobalSection
	GlobalSection(SolutionProperties) = preSolution
		HideSolutionNode = FALSE
	EndGlobalSection
	GlobalSection(ExtensibilityGlobals) = postSolution
		SolutionGuid = {D7F448D8-FA5D-4E90-B719-1AB2571C9CD9}
	EndGlobalSection
EndGlobal
